
Microsoft Visual Studio Solution File, Format Version 12.00
# Visual Studio Version 17
VisualStudioVersion = 17.6.33706.43
MinimumVisualStudioVersion = 10.0.40219.1
Project("{9A19103F-16F7-4668-BE54-9A1E7A4F7556}") = "WeakReferenceEvent", "WeakReferenceEvent\WeakReferenceEvent.csproj", "{643160A7-6401-4F8F-946C-B9D1149BEDF7}"
EndProject
Project("{9A19103F-16F7-4668-BE54-9A1E7A4F7556}") = "EventTestApp", "EventTestApp\EventTestApp.csproj", "{7CFBB9F8-5ABE-475D-A455-A72586DEFB77}"
EndProject
Global
	GlobalSection(SolutionConfigurationPlatforms) = preSolution
		Debug|Any CPU = Debug|Any CPU
		Release|Any CPU = Release|Any CPU
	EndGlobalSection
	GlobalSection(ProjectConfigurationPlatforms) = postSolution
		{643160A7-6401-4F8F-946C-B9D1149BEDF7}.Debug|Any CPU.ActiveCfg = Debug|Any CPU
		{643160A7-6401-4F8F-946C-B9D1149BEDF7}.Debug|Any CPU.Build.0 = Debug|Any CPU
		{643160A7-6401-4F8F-946C-B9D1149BEDF7}.Release|Any CPU.ActiveCfg = Release|Any CPU
		{643160A7-6401-4F8F-946C-B9D1149BEDF7}.Release|Any CPU.Build.0 = Release|Any CPU
		{7CFBB9F8-5ABE-475D-A455-A72586DEFB77}.Debug|Any CPU.ActiveCfg = Debug|Any CPU
		{7CFBB9F8-5ABE-475D-A455-A72586DEFB77}.Debug|Any CPU.Build.0 = Debug|Any CPU
		{7CFBB9F8-5ABE-475D-A455-A72586DEFB77}.Release|Any CPU.ActiveCfg = Release|Any CPU
		{7CFBB9F8-5ABE-475D-A455-A72586DEFB77}.Release|Any CPU.Build.0 = Release|Any CPU
	EndGlobalSection
	GlobalSection(SolutionProperties) = preSolution
		HideSolutionNode = FALSE
	EndGlobalSection
	GlobalSection(ExtensibilityGlobals) = postSolution
		SolutionGuid = {2EF93350-2583-4F98-9D67-D77380ADE650}
	EndGlobalSection
EndGlobal
